
Microsoft Visual Studio Solution File, Format Version 12.00
Project("{FAE04EC0-301F-11D3-BF4B-00C04F79EFBC}") = "Entities", "Entities\Entities.csproj", "{C7776995-B633-40E9-8EA8-88083B2FFE58}"
EndProject
Project("{FAE04EC0-301F-11D3-BF4B-00C04F79EFBC}") = "Schema", "Schema\Schema.csproj", "{11FCE1A0-94DB-4EA3-B44B-DE4AF14A7C84}"
EndProject
Project("{FAE04EC0-301F-11D3-BF4B-00C04F79EFBC}") = "Stub", "Stub\Stub.csproj", "{ED6F715D-2826-4688-9687-7FF4B8FB5ADA}"
EndProject
Global
	GlobalSection(SolutionConfigurationPlatforms) = preSolution
		Debug|Any CPU = Debug|Any CPU
		Release|Any CPU = Release|Any CPU
	EndGlobalSection
	GlobalSection(ProjectConfigurationPlatforms) = postSolution
		{C7776995-B633-40E9-8EA8-88083B2FFE58}.Debug|Any CPU.ActiveCfg = Debug|Any CPU
		{C7776995-B633-40E9-8EA8-88083B2FFE58}.Debug|Any CPU.Build.0 = Debug|Any CPU
		{C7776995-B633-40E9-8EA8-88083B2FFE58}.Release|Any CPU.ActiveCfg = Release|Any CPU
		{C7776995-B633-40E9-8EA8-88083B2FFE58}.Release|Any CPU.Build.0 = Release|Any CPU
		{11FCE1A0-94DB-4EA3-B44B-DE4AF14A7C84}.Debug|Any CPU.ActiveCfg = Debug|Any CPU
		{11FCE1A0-94DB-4EA3-B44B-DE4AF14A7C84}.Debug|Any CPU.Build.0 = Debug|Any CPU
		{11FCE1A0-94DB-4EA3-B44B-DE4AF14A7C84}.Release|Any CPU.ActiveCfg = Release|Any CPU
		{11FCE1A0-94DB-4EA3-B44B-DE4AF14A7C84}.Release|Any CPU.Build.0 = Release|Any CPU
		{ED6F715D-2826-4688-9687-7FF4B8FB5ADA}.Debug|Any CPU.ActiveCfg = Debug|Any CPU
		{ED6F715D-2826-4688-9687-7FF4B8FB5ADA}.Debug|Any CPU.Build.0 = Debug|Any CPU
		{ED6F715D-2826-4688-9687-7FF4B8FB5ADA}.Release|Any CPU.ActiveCfg = Release|Any CPU
		{ED6F715D-2826-4688-9687-7FF4B8FB5ADA}.Release|Any CPU.Build.0 = Release|Any CPU
	EndGlobalSection
EndGlobal
